
Microsoft Visual Studio Solution File, Format Version 12.00
# Visual Studio 14
VisualStudioVersion = 14.0.25420.1
MinimumVisualStudioVersion = 10.0.40219.1
Project("{FAE04EC0-301F-11D3-BF4B-00C04F79EFBC}") = "ReceptionDesBornes", "ReceptionDesBornes\ReceptionDesBornes.csproj", "{A97BEFD9-2E44-4A0E-AE6B-7318F5AD918F}"
EndProject
Project("{FAE04EC0-301F-11D3-BF4B-00C04F79EFBC}") = "ReceptionDesBornesModele", "ReceptionDesBornesModele\ReceptionDesBornesModele.csproj", "{730BDABC-960B-482F-BFD4-B59E0C535DE6}"
EndProject
Global
	GlobalSection(SolutionConfigurationPlatforms) = preSolution
		Debug|Any CPU = Debug|Any CPU
		Release|Any CPU = Release|Any CPU
	EndGlobalSection
	GlobalSection(ProjectConfigurationPlatforms) = postSolution
		{A97BEFD9-2E44-4A0E-AE6B-7318F5AD918F}.Debug|Any CPU.ActiveCfg = Debug|Any CPU
		{A97BEFD9-2E44-4A0E-AE6B-7318F5AD918F}.Debug|Any CPU.Build.0 = Debug|Any CPU
		{A97BEFD9-2E44-4A0E-AE6B-7318F5AD918F}.Release|Any CPU.ActiveCfg = Release|Any CPU
		{A97BEFD9-2E44-4A0E-AE6B-7318F5AD918F}.Release|Any CPU.Build.0 = Release|Any CPU
		{730BDABC-960B-482F-BFD4-B59E0C535DE6}.Debug|Any CPU.ActiveCfg = Debug|Any CPU
		{730BDABC-960B-482F-BFD4-B59E0C535DE6}.Debug|Any CPU.Build.0 = Debug|Any CPU
		{730BDABC-960B-482F-BFD4-B59E0C535DE6}.Release|Any CPU.ActiveCfg = Release|Any CPU
		{730BDABC-960B-482F-BFD4-B59E0C535DE6}.Release|Any CPU.Build.0 = Release|Any CPU
	EndGlobalSection
	GlobalSection(SolutionProperties) = preSolution
		HideSolutionNode = FALSE
	EndGlobalSection
EndGlobal
